
Microsoft Visual Studio Solution File, Format Version 12.00
Project("{FAE04EC0-301F-11D3-BF4B-00C04F79EFBC}") = "Rake", "Rake\Rake.csproj", "{B63277CC-870E-4274-BD29-51F961D1330B}"
EndProject
Project("{FAE04EC0-301F-11D3-BF4B-00C04F79EFBC}") = "Rake.Core", "Rake.Core\Rake.Core.csproj", "{86BD2C52-2DA4-4FA6-888F-4095AAC52886}"
EndProject
Project("{2150E333-8FDC-42A3-9474-1A3956D46DE8}") = "Solution", "Solution", "{CD90D88E-863A-4E4C-8B5D-5E16A38FBC58}"
	ProjectSection(SolutionItems) = preProject
		.gitignore = .gitignore
	EndProjectSection
EndProject
Global
	GlobalSection(SolutionConfigurationPlatforms) = preSolution
		Debug|Any CPU = Debug|Any CPU
		Release|Any CPU = Release|Any CPU
	EndGlobalSection
	GlobalSection(ProjectConfigurationPlatforms) = postSolution
		{B63277CC-870E-4274-BD29-51F961D1330B}.Debug|Any CPU.ActiveCfg = Debug|Any CPU
		{B63277CC-870E-4274-BD29-51F961D1330B}.Debug|Any CPU.Build.0 = Debug|Any CPU
		{B63277CC-870E-4274-BD29-51F961D1330B}.Release|Any CPU.ActiveCfg = Release|Any CPU
		{B63277CC-870E-4274-BD29-51F961D1330B}.Release|Any CPU.Build.0 = Release|Any CPU
		{86BD2C52-2DA4-4FA6-888F-4095AAC52886}.Debug|Any CPU.ActiveCfg = Debug|Any CPU
		{86BD2C52-2DA4-4FA6-888F-4095AAC52886}.Debug|Any CPU.Build.0 = Debug|Any CPU
		{86BD2C52-2DA4-4FA6-888F-4095AAC52886}.Release|Any CPU.ActiveCfg = Release|Any CPU
		{86BD2C52-2DA4-4FA6-888F-4095AAC52886}.Release|Any CPU.Build.0 = Release|Any CPU
	EndGlobalSection
	GlobalSection(NestedProjects) = preSolution
	EndGlobalSection
EndGlobal
