
Microsoft Visual Studio Solution File, Format Version 12.00
# Visual Studio Version 17
VisualStudioVersion = 17.10.35122.118
MinimumVisualStudioVersion = 10.0.40219.1
Project("{2150E333-8FDC-42A3-9474-1A3956D46DE8}") = "Solution Items", "Solution Items", "{E25163DD-5306-4275-96E8-8FF0A2989432}"
	ProjectSection(SolutionItems) = preProject
		.gitignore = .gitignore
		.gitmodules = .gitmodules
		Directory.Build.props = Directory.Build.props
		Directory.Packages.props = Directory.Packages.props
	EndProjectSection
EndProject
Project("{2150E333-8FDC-42A3-9474-1A3956D46DE8}") = "Src", "Src", "{33A191E5-849D-4AC6-8734-2FA3D5102023}"
EndProject
Project("{9A19103F-16F7-4668-BE54-9A1E7A4F7556}") = "Rake.Core", "src\Rake.Core\Rake.Core.csproj", "{CD9DDAB3-89FE-4CDF-875A-D5BC5ADE7388}"
EndProject
Project("{9A19103F-16F7-4668-BE54-9A1E7A4F7556}") = "Rake.Cli", "src\Rake.Cli\Rake.Cli.csproj", "{546D8039-5F98-478B-8C6A-021C4E1767AE}"
EndProject
Project("{9A19103F-16F7-4668-BE54-9A1E7A4F7556}") = "Rake.Generator", "src\Rake.Generator\Rake.Generator.csproj", "{1C0D1A26-8573-4F03-9F4F-4395A71C689B}"
EndProject
Project("{9A19103F-16F7-4668-BE54-9A1E7A4F7556}") = "Rake", "src\Rake\Rake.csproj", "{3E8B2AE2-EED3-411D-85E3-389A87584684}"
EndProject
Global
	GlobalSection(SolutionConfigurationPlatforms) = preSolution
		Debug|Any CPU = Debug|Any CPU
		Release|Any CPU = Release|Any CPU
	EndGlobalSection
	GlobalSection(ProjectConfigurationPlatforms) = postSolution
		{CD9DDAB3-89FE-4CDF-875A-D5BC5ADE7388}.Debug|Any CPU.ActiveCfg = Debug|Any CPU
		{CD9DDAB3-89FE-4CDF-875A-D5BC5ADE7388}.Debug|Any CPU.Build.0 = Debug|Any CPU
		{CD9DDAB3-89FE-4CDF-875A-D5BC5ADE7388}.Release|Any CPU.ActiveCfg = Release|Any CPU
		{CD9DDAB3-89FE-4CDF-875A-D5BC5ADE7388}.Release|Any CPU.Build.0 = Release|Any CPU
		{546D8039-5F98-478B-8C6A-021C4E1767AE}.Debug|Any CPU.ActiveCfg = Debug|Any CPU
		{546D8039-5F98-478B-8C6A-021C4E1767AE}.Debug|Any CPU.Build.0 = Debug|Any CPU
		{546D8039-5F98-478B-8C6A-021C4E1767AE}.Release|Any CPU.ActiveCfg = Release|Any CPU
		{546D8039-5F98-478B-8C6A-021C4E1767AE}.Release|Any CPU.Build.0 = Release|Any CPU
		{1C0D1A26-8573-4F03-9F4F-4395A71C689B}.Debug|Any CPU.ActiveCfg = Debug|Any CPU
		{1C0D1A26-8573-4F03-9F4F-4395A71C689B}.Debug|Any CPU.Build.0 = Debug|Any CPU
		{1C0D1A26-8573-4F03-9F4F-4395A71C689B}.Release|Any CPU.ActiveCfg = Release|Any CPU
		{1C0D1A26-8573-4F03-9F4F-4395A71C689B}.Release|Any CPU.Build.0 = Release|Any CPU
		{3E8B2AE2-EED3-411D-85E3-389A87584684}.Debug|Any CPU.ActiveCfg = Debug|Any CPU
		{3E8B2AE2-EED3-411D-85E3-389A87584684}.Debug|Any CPU.Build.0 = Debug|Any CPU
		{3E8B2AE2-EED3-411D-85E3-389A87584684}.Release|Any CPU.ActiveCfg = Release|Any CPU
		{3E8B2AE2-EED3-411D-85E3-389A87584684}.Release|Any CPU.Build.0 = Release|Any CPU
	EndGlobalSection
	GlobalSection(SolutionProperties) = preSolution
		HideSolutionNode = FALSE
	EndGlobalSection
	GlobalSection(NestedProjects) = preSolution
		{CD9DDAB3-89FE-4CDF-875A-D5BC5ADE7388} = {33A191E5-849D-4AC6-8734-2FA3D5102023}
		{546D8039-5F98-478B-8C6A-021C4E1767AE} = {33A191E5-849D-4AC6-8734-2FA3D5102023}
		{1C0D1A26-8573-4F03-9F4F-4395A71C689B} = {33A191E5-849D-4AC6-8734-2FA3D5102023}
		{3E8B2AE2-EED3-411D-85E3-389A87584684} = {33A191E5-849D-4AC6-8734-2FA3D5102023}
	EndGlobalSection
	GlobalSection(ExtensibilityGlobals) = postSolution
		SolutionGuid = {722DD1A1-A44F-4614-984F-347ABB37C645}
	EndGlobalSection
EndGlobal
